{
  "name": "bgv-chaincode",
  "version": "1.0.0",
  "lockfileVersion": 3,
  "requires": true,
  "packages": {
    "": {
      "name": "bgv-chaincode",
      "version": "1.0.0",
      "dependencies": {
        "fabric-contract-api": "~2.5.6",
        "fabric-shim": "~2.5.6"
      },
      "engines": {
        "node": ">=18"
      }
    },
    "node_modules/@colors/colors": {
      "version": "1.6.0",
      "resolved": "https://pkgs.dev.azure.com/lbg-cloudfirst/_packaging/cicd-npm/npm/registry/@colors/colors/-/colors-1.6.0.tgz",
      "integrity": "sha1-7GzSN0QHALwjyiMIf1E8dVCJWLA=",
      "license": "MIT",
      "engines": {
        "node": ">=0.1.90"
      }
    },
    "node_modules/@dabh/diagnostics": {
      "version": "2.0.8",
      "resolved": "https://pkgs.dev.azure.com/lbg-cloudfirst/_packaging/cicd-npm/npm/registry/@dabh/diagnostics/-/diagnostics-2.0.8.tgz",
      "integrity": "sha1-6tl+csoxLPDm3Xrw0wC1iZOjGl4=",
      "license": "MIT",
      "dependencies": {
        "@so-ric/colorspace": "^1.1.6",
        "enabled": "2.0.x",
        "kuler": "^2.0.0"
      }
    },
    "node_modules/@fidm/asn1": {
      "version": "1.0.4",
      "resolved": "https://pkgs.dev.azure.com/lbg-cloudfirst/_packaging/cicd-npm/npm/registry/@fidm/asn1/-/asn1-1.0.4.tgz",
      "integrity": "sha1-r7+fEKDLg6yiEUxvWal91I633YQ=",
      "license": "MIT",
      "engines": {
        "node": ">= 8"
      }
    },
    "node_modules/@fidm/x509": {
      "version": "1.2.1",
      "resolved": "https://pkgs.dev.azure.com/lbg-cloudfirst/_packaging/cicd-npm/npm/registry/@fidm/x509/-/x509-1.2.1.tgz",
      "integrity": "sha1-rlRqZhAF13bMTcpnSzmcETLB4OQ=",
      "license": "MIT",
      "dependencies": {
        "@fidm/asn1": "^1.0.4",
        "tweetnacl": "^1.0.1"
      },
      "engines": {
        "node": ">= 8"
      }
    },
    "node_modules/@grpc/grpc-js": {
      "version": "1.14.4",
      "resolved": "https://pkgs.dev.azure.com/lbg-cloudfirst/_packaging/cicd-npm/npm/registry/@grpc/grpc-js/-/grpc-js-1.14.4.tgz",
      "integrity": "sha1-5z/1fZeALwY5mVRfQ+uyseymXZ0=",
      "license": "Apache-2.0",
      "dependencies": {
        "@grpc/proto-loader": "^0.8.0",
        "@js-sdsl/ordered-map": "^4.4.2"
      },
      "engines": {
        "node": ">=12.10.0"
      }
    },
    "node_modules/@grpc/proto-loader": {
      "version": "0.8.1",
      "resolved": "https://pkgs.dev.azure.com/lbg-cloudfirst/_packaging/cicd-npm/npm/registry/@grpc/proto-loader/-/proto-loader-0.8.1.tgz",
      "integrity": "sha1-WmspDMv7GuL2d1r7dOmJi9jF1Og=",
      "license": "Apache-2.0",
      "dependencies": {
        "lodash.camelcase": "^4.3.0",
        "long": "^5.0.0",
        "protobufjs": "^7.5.5",
        "yargs": "^17.7.2"
      },
      "bin": {
        "proto-loader-gen-types": "build/bin/proto-loader-gen-types.js"
      },
      "engines": {
        "node": ">=6"
      }
    },
    "node_modules/@hyperledger/fabric-protos": {
      "version": "0.2.2",
      "resolved": "https://pkgs.dev.azure.com/lbg-cloudfirst/_packaging/cicd-npm/npm/registry/@hyperledger/fabric-protos/-/fabric-protos-0.2.2.tgz",
      "integrity": "sha1-um3tRA8yWEnWhvrTAdb1wWBB6Dg=",
      "license": "Apache-2.0",
      "dependencies": {
        "@grpc/grpc-js": "^1.11.0",
        "google-protobuf": "^3.21.0"
      },
      "engines": {
        "node": ">=16.13.0"
      }
    },
    "node_modules/@js-sdsl/ordered-map": {
      "version": "4.4.2",
      "resolved": "https://pkgs.dev.azure.com/lbg-cloudfirst/_packaging/cicd-npm/npm/registry/@js-sdsl/ordered-map/-/ordered-map-4.4.2.tgz",
      "integrity": "sha1-kpn4KHS6ueTH+cSNhlvsv+jWkHw=",
      "license": "MIT",
      "funding": {
        "type": "opencollective",
        "url": "https://opencollective.com/js-sdsl"
      }
    },
    "node_modules/@protobufjs/aspromise": {
      "version": "1.1.2",
      "resolved": "https://pkgs.dev.azure.com/lbg-cloudfirst/_packaging/cicd-npm/npm/registry/@protobufjs/aspromise/-/aspromise-1.1.2.tgz",
      "integrity": "sha1-m4sMxmPWaafY9vXQiToU00jzD78=",
      "license": "BSD-3-Clause"
    },
    "node_modules/@protobufjs/base64": {
      "version": "1.1.2",
      "resolved": "https://pkgs.dev.azure.com/lbg-cloudfirst/_packaging/cicd-npm/npm/registry/@protobufjs/base64/-/base64-1.1.2.tgz",
      "integrity": "sha1-TIVzDlm5ofHzSQR9vyQpYDS7JzU=",
      "license": "BSD-3-Clause"
    },
    "node_modules/@protobufjs/codegen": {
      "version": "2.0.5",
      "resolved": "https://pkgs.dev.azure.com/lbg-cloudfirst/_packaging/cicd-npm/npm/registry/@protobufjs/codegen/-/codegen-2.0.5.tgz",
      "integrity": "sha1-2TFa188/MKrHC9o8BoRD3G8UNlk=",
      "license": "BSD-3-Clause"
    },
    "node_modules/@protobufjs/eventemitter": {
      "version": "1.1.1",
      "resolved": "https://pkgs.dev.azure.com/lbg-cloudfirst/_packaging/cicd-npm/npm/registry/@protobufjs/eventemitter/-/eventemitter-1.1.1.tgz",
      "integrity": "sha1-1RLLJsCuAmCR7iwRZ/G+b69chCo=",
      "license": "BSD-3-Clause"
    },
    "node_modules/@protobufjs/fetch": {
      "version": "1.1.1",
      "resolved": "https://pkgs.dev.azure.com/lbg-cloudfirst/_packaging/cicd-npm/npm/registry/@protobufjs/fetch/-/fetch-1.1.1.tgz",
      "integrity": "sha1-TW/ADI+2QBalyBtGnVSQRjUPEGU=",
      "license": "BSD-3-Clause",
      "dependencies": {
        "@protobufjs/aspromise": "^1.1.1"
      }
    },
    "node_modules/@protobufjs/float": {
      "version": "1.0.2",
      "resolved": "https://pkgs.dev.azure.com/lbg-cloudfirst/_packaging/cicd-npm/npm/registry/@protobufjs/float/-/float-1.0.2.tgz",
      "integrity": "sha1-Xp4avctz/Ap8uLKR33jIy9l7h9E=",
      "license": "BSD-3-Clause"
    },
    "node_modules/@protobufjs/path": {
      "version": "1.1.2",
      "resolved": "https://pkgs.dev.azure.com/lbg-cloudfirst/_packaging/cicd-npm/npm/registry/@protobufjs/path/-/path-1.1.2.tgz",
      "integrity": "sha1-bMKyDFya1q0NzP0hynZz2Nf79o0=",
      "license": "BSD-3-Clause"
    },
    "node_modules/@protobufjs/pool": {
      "version": "1.1.0",
      "resolved": "https://pkgs.dev.azure.com/lbg-cloudfirst/_packaging/cicd-npm/npm/registry/@protobufjs/pool/-/pool-1.1.0.tgz",
      "integrity": "sha1-Cf0V8tbTq/qbZbw2ZQbWrXhG/1Q=",
      "license": "BSD-3-Clause"
    },
    "node_modules/@protobufjs/utf8": {
      "version": "1.1.2",
      "resolved": "https://pkgs.dev.azure.com/lbg-cloudfirst/_packaging/cicd-npm/npm/registry/@protobufjs/utf8/-/utf8-1.1.2.tgz",
      "integrity": "sha1-eNR2Mz2F1bHHkuJXvKdLoIDaSaQ=",
      "license": "BSD-3-Clause"
    },
    "node_modules/@so-ric/colorspace": {
      "version": "1.1.6",
      "resolved": "https://pkgs.dev.azure.com/lbg-cloudfirst/_packaging/cicd-npm/npm/registry/@so-ric/colorspace/-/colorspace-1.1.6.tgz",
      "integrity": "sha1-YlFdi58ndGt2lQqDveGvgS2Rkjs=",
      "license": "MIT",
      "dependencies": {
        "color": "^5.0.2",
        "text-hex": "1.0.x"
      }
    },
    "node_modules/@types/node": {
      "version": "16.18.126",
      "resolved": "https://pkgs.dev.azure.com/lbg-cloudfirst/_packaging/cicd-npm/npm/registry/@types/node/-/node-16.18.126.tgz",
      "integrity": "sha1-J4dfqikmwPR1s5qLseVGwBdvjUs=",
      "license": "MIT"
    },
    "node_modules/@types/triple-beam": {
      "version": "1.3.5",
      "resolved": "https://pkgs.dev.azure.com/lbg-cloudfirst/_packaging/cicd-npm/npm/registry/@types/triple-beam/-/triple-beam-1.3.5.tgz",
      "integrity": "sha1-dP75/7qhmOuLWIvgKfOLACmcqiw=",
      "license": "MIT"
    },
    "node_modules/ajv": {
      "version": "6.15.0",
      "resolved": "https://pkgs.dev.azure.com/lbg-cloudfirst/_packaging/cicd-npm/npm/registry/ajv/-/ajv-6.15.0.tgz",
      "integrity": "sha1-B+mCx0YmFnqnoklcU4F4ktcTlJI=",
      "license": "MIT",
      "dependencies": {
        "fast-deep-equal": "^3.1.1",
        "fast-json-stable-stringify": "^2.0.0",
        "json-schema-traverse": "^0.4.1",
        "uri-js": "^4.2.2"
      },
      "funding": {
        "type": "github",
        "url": "https://github.com/sponsors/epoberezkin"
      }
    },
    "node_modules/ansi-regex": {
      "version": "5.0.1",
      "resolved": "https://pkgs.dev.azure.com/lbg-cloudfirst/_packaging/cicd-npm/npm/registry/ansi-regex/-/ansi-regex-5.0.1.tgz",
      "integrity": "sha1-CCyyyJyf6GWaMRpTvWpNxTAdswQ=",
      "license": "MIT",
      "engines": {
        "node": ">=8"
      }
    },
    "node_modules/ansi-styles": {
      "version": "4.3.0",
      "resolved": "https://pkgs.dev.azure.com/lbg-cloudfirst/_packaging/cicd-npm/npm/registry/ansi-styles/-/ansi-styles-4.3.0.tgz",
      "integrity": "sha1-7dgDYornHATIWuegkG7a00tkiTc=",
      "license": "MIT",
      "dependencies": {
        "color-convert": "^2.0.1"
      },
      "engines": {
        "node": ">=8"
      },
      "funding": {
        "url": "https://github.com/chalk/ansi-styles?sponsor=1"
      }
    },
    "node_modules/ansi-styles/node_modules/color-convert": {
      "version": "2.0.1",
      "resolved": "https://pkgs.dev.azure.com/lbg-cloudfirst/_packaging/cicd-npm/npm/registry/color-convert/-/color-convert-2.0.1.tgz",
      "integrity": "sha1-ctOmjVmMm9s68q0ehPIdiWq9TeM=",
      "license": "MIT",
      "dependencies": {
        "color-name": "~1.1.4"
      },
      "engines": {
        "node": ">=7.0.0"
      }
    },
    "node_modules/ansi-styles/node_modules/color-name": {
      "version": "1.1.4",
      "resolved": "https://pkgs.dev.azure.com/lbg-cloudfirst/_packaging/cicd-npm/npm/registry/color-name/-/color-name-1.1.4.tgz",
      "integrity": "sha1-wqCah6y95pVD3m9j+jmVyCbFNqI=",
      "license": "MIT"
    },
    "node_modules/async": {
      "version": "3.2.6",
      "resolved": "https://pkgs.dev.azure.com/lbg-cloudfirst/_packaging/cicd-npm/npm/registry/async/-/async-3.2.6.tgz",
      "integrity": "sha1-Gwco4Ukp1RuFtEm38G4nwRReOM4=",
      "license": "MIT"
    },
    "node_modules/class-transformer": {
      "version": "0.4.0",
      "resolved": "https://pkgs.dev.azure.com/lbg-cloudfirst/_packaging/cicd-npm/npm/registry/class-transformer/-/class-transformer-0.4.0.tgz",
      "integrity": "sha1-tSFEEXtCPFFq+0TMHHbbrTHCFls=",
      "license": "MIT"
    },
    "node_modules/cliui": {
      "version": "8.0.1",
      "resolved": "https://pkgs.dev.azure.com/lbg-cloudfirst/_packaging/cicd-npm/npm/registry/cliui/-/cliui-8.0.1.tgz",
      "integrity": "sha1-DASwddsCy/5g3I5s8vVIaxo2CKo=",
      "license": "ISC",
      "dependencies": {
        "string-width": "^4.2.0",
        "strip-ansi": "^6.0.1",
        "wrap-ansi": "^7.0.0"
      },
      "engines": {
        "node": ">=12"
      }
    },
    "node_modules/color": {
      "version": "5.0.3",
      "resolved": "https://pkgs.dev.azure.com/lbg-cloudfirst/_packaging/cicd-npm/npm/registry/color/-/color-5.0.3.tgz",
      "integrity": "sha1-95OQsbd44iL/u1QwTT2+rvYz+X8=",
      "license": "MIT",
      "dependencies": {
        "color-convert": "^3.1.3",
        "color-string": "^2.1.3"
      },
      "engines": {
        "node": ">=18"
      }
    },
    "node_modules/color-convert": {
      "version": "3.1.3",
      "resolved": "https://pkgs.dev.azure.com/lbg-cloudfirst/_packaging/cicd-npm/npm/registry/color-convert/-/color-convert-3.1.3.tgz",
      "integrity": "sha1-22YnuXGBy4+s3851WuJvl6sHEfE=",
      "license": "MIT",
      "dependencies": {
        "color-name": "^2.0.0"
      },
      "engines": {
        "node": ">=14.6"
      }
    },
    "node_modules/color-name": {
      "version": "2.1.0",
      "resolved": "https://pkgs.dev.azure.com/lbg-cloudfirst/_packaging/cicd-npm/npm/registry/color-name/-/color-name-2.1.0.tgz",
      "integrity": "sha1-C2dzhcHEtO396vd+OPozjjpAtpM=",
      "license": "MIT",
      "engines": {
        "node": ">=12.20"
      }
    },
    "node_modules/color-string": {
      "version": "2.1.4",
      "resolved": "https://pkgs.dev.azure.com/lbg-cloudfirst/_packaging/cicd-npm/npm/registry/color-string/-/color-string-2.1.4.tgz",
      "integrity": "sha1-nc9Wb/l24jNoyL1nP1w1EDq0EFg=",
      "license": "MIT",
      "dependencies": {
        "color-name": "^2.0.0"
      },
      "engines": {
        "node": ">=18"
      }
    },
    "node_modules/emoji-regex": {
      "version": "8.0.0",
      "resolved": "https://pkgs.dev.azure.com/lbg-cloudfirst/_packaging/cicd-npm/npm/registry/emoji-regex/-/emoji-regex-8.0.0.tgz",
      "integrity": "sha1-6Bj9ac5cz8tARZT4QpY79TFkzDc=",
      "license": "MIT"
    },
    "node_modules/enabled": {
      "version": "2.0.0",
      "resolved": "https://pkgs.dev.azure.com/lbg-cloudfirst/_packaging/cicd-npm/npm/registry/enabled/-/enabled-2.0.0.tgz",
      "integrity": "sha1-+d2S7C1vS7wNXR5k4h1hzUZl58I=",
      "license": "MIT"
    },
    "node_modules/escalade": {
      "version": "3.2.0",
      "resolved": "https://pkgs.dev.azure.com/lbg-cloudfirst/_packaging/cicd-npm/npm/registry/escalade/-/escalade-3.2.0.tgz",
      "integrity": "sha1-ARo/aYVroYnf+n3I/M6Z0qh5A+U=",
      "license": "MIT",
      "engines": {
        "node": ">=6"
      }
    },
    "node_modules/fabric-contract-api": {
      "version": "2.5.8",
      "resolved": "https://pkgs.dev.azure.com/lbg-cloudfirst/_packaging/cicd-npm/npm/registry/fabric-contract-api/-/fabric-contract-api-2.5.8.tgz",
      "integrity": "sha1-aPX1sc0fiZYhJ8LUgLiQz6i8GXY=",
      "license": "Apache-2.0",
      "dependencies": {
        "class-transformer": "^0.4.0",
        "fabric-shim-api": "2.5.8",
        "fast-safe-stringify": "^2.1.1",
        "get-params": "^0.1.2",
        "reflect-metadata": "^0.1.13",
        "winston": "^3.7.2"
      },
      "engines": {
        "node": ">=18"
      }
    },
    "node_modules/fabric-shim": {
      "version": "2.5.8",
      "resolved": "https://pkgs.dev.azure.com/lbg-cloudfirst/_packaging/cicd-npm/npm/registry/fabric-shim/-/fabric-shim-2.5.8.tgz",
      "integrity": "sha1-kThiuZgMe1Lka5BmbuygFZhf0f4=",
      "license": "Apache-2.0",
      "dependencies": {
        "@fidm/x509": "^1.2.1",
        "@grpc/grpc-js": "^1.11.0",
        "@hyperledger/fabric-protos": "^0.2.2",
        "@types/node": "^16.11.1",
        "ajv": "^6.12.2",
        "fabric-contract-api": "2.5.8",
        "fabric-shim-api": "2.5.8",
        "fast-safe-stringify": "^2.1.1",
        "long": "^5.2.3",
        "reflect-metadata": "^0.1.13",
        "winston": "^3.7.2",
        "yargs": "^17.4.0",
        "yargs-parser": "^21.0.1"
      },
      "bin": {
        "fabric-chaincode-node": "cli.js"
      },
      "engines": {
        "node": ">=18"
      }
    },
    "node_modules/fabric-shim-api": {
      "version": "2.5.8",
      "resolved": "https://pkgs.dev.azure.com/lbg-cloudfirst/_packaging/cicd-npm/npm/registry/fabric-shim-api/-/fabric-shim-api-2.5.8.tgz",
      "integrity": "sha1-GWQn+uusyUzYCr8IeCLvxJv0tAk=",
      "license": "Apache-2.0",
      "engines": {
        "eslint": "^6.6.0",
        "node": ">=18"
      }
    },
    "node_modules/fast-deep-equal": {
      "version": "3.1.3",
      "resolved": "https://pkgs.dev.azure.com/lbg-cloudfirst/_packaging/cicd-npm/npm/registry/fast-deep-equal/-/fast-deep-equal-3.1.3.tgz",
      "integrity": "sha1-On1WtVnWy8PrUSMlJE5hmmXGxSU=",
      "license": "MIT"
    },
    "node_modules/fast-json-stable-stringify": {
      "version": "2.1.0",
      "resolved": "https://pkgs.dev.azure.com/lbg-cloudfirst/_packaging/cicd-npm/npm/registry/fast-json-stable-stringify/-/fast-json-stable-stringify-2.1.0.tgz",
      "integrity": "sha1-h0v2nG9ATCtdmcSBNBOZ/VWJJjM=",
      "license": "MIT"
    },
    "node_modules/fast-safe-stringify": {
      "version": "2.1.1",
      "resolved": "https://pkgs.dev.azure.com/lbg-cloudfirst/_packaging/cicd-npm/npm/registry/fast-safe-stringify/-/fast-safe-stringify-2.1.1.tgz",
      "integrity": "sha1-xAaoO25w2eNc47MKgRQd8wrrqIQ=",
      "license": "MIT"
    },
    "node_modules/fecha": {
      "version": "4.2.3",
      "resolved": "https://pkgs.dev.azure.com/lbg-cloudfirst/_packaging/cicd-npm/npm/registry/fecha/-/fecha-4.2.3.tgz",
      "integrity": "sha1-TZzNvGHoYpsln9ymfmWJFEjVaf0=",
      "license": "MIT"
    },
    "node_modules/fn.name": {
      "version": "1.1.0",
      "resolved": "https://pkgs.dev.azure.com/lbg-cloudfirst/_packaging/cicd-npm/npm/registry/fn.name/-/fn.name-1.1.0.tgz",
      "integrity": "sha1-JsrYAXlnrqhzG8QpYdBKPVmIrMw=",
      "license": "MIT"
    },
    "node_modules/get-caller-file": {
      "version": "2.0.5",
      "resolved": "https://pkgs.dev.azure.com/lbg-cloudfirst/_packaging/cicd-npm/npm/registry/get-caller-file/-/get-caller-file-2.0.5.tgz",
      "integrity": "sha1-T5RBKoLbMvNuOwuXQfipf+sDH34=",
      "license": "ISC",
      "engines": {
        "node": "6.* || 8.* || >= 10.*"
      }
    },
    "node_modules/get-params": {
      "version": "0.1.2",
      "resolved": "https://pkgs.dev.azure.com/lbg-cloudfirst/_packaging/cicd-npm/npm/registry/get-params/-/get-params-0.1.2.tgz",
      "integrity": "sha1-uuDfq6WIoMYNeDTA2Nwv9g7u8v4=",
      "license": "MIT"
    },
    "node_modules/google-protobuf": {
      "version": "3.21.4",
      "resolved": "https://pkgs.dev.azure.com/lbg-cloudfirst/_packaging/cicd-npm/npm/registry/google-protobuf/-/google-protobuf-3.21.4.tgz",
      "integrity": "sha1-L5M+i25en47d5mt74AJLaPd9psk=",
      "license": "(BSD-3-Clause AND Apache-2.0)"
    },
    "node_modules/inherits": {
      "version": "2.0.4",
      "resolved": "https://pkgs.dev.azure.com/lbg-cloudfirst/_packaging/cicd-npm/npm/registry/inherits/-/inherits-2.0.4.tgz",
      "integrity": "sha1-D6LGT5MpF8NDOg3tVTY6rjdBa3w=",
      "license": "ISC"
    },
    "node_modules/is-fullwidth-code-point": {
      "version": "3.0.0",
      "resolved": "https://pkgs.dev.azure.com/lbg-cloudfirst/_packaging/cicd-npm/npm/registry/is-fullwidth-code-point/-/is-fullwidth-code-point-3.0.0.tgz",
      "integrity": "sha1-8Rb4Bk/pCz94RKOJl8C3UFEmnx0=",
      "license": "MIT",
      "engines": {
        "node": ">=8"
      }
    },
    "node_modules/is-stream": {
      "version": "2.0.1",
      "resolved": "https://pkgs.dev.azure.com/lbg-cloudfirst/_packaging/cicd-npm/npm/registry/is-stream/-/is-stream-2.0.1.tgz",
      "integrity": "sha1-+sHj1TuXrVqdCunO8jifWBClwHc=",
      "license": "MIT",
      "engines": {
        "node": ">=8"
      },
      "funding": {
        "url": "https://github.com/sponsors/sindresorhus"
      }
    },
    "node_modules/json-schema-traverse": {
      "version": "0.4.1",
      "resolved": "https://pkgs.dev.azure.com/lbg-cloudfirst/_packaging/cicd-npm/npm/registry/json-schema-traverse/-/json-schema-traverse-0.4.1.tgz",
      "integrity": "sha1-afaofZUTq4u4/mO9sJecRI5oRmA=",
      "license": "MIT"
    },
    "node_modules/kuler": {
      "version": "2.0.0",
      "resolved": "https://pkgs.dev.azure.com/lbg-cloudfirst/_packaging/cicd-npm/npm/registry/kuler/-/kuler-2.0.0.tgz",
      "integrity": "sha1-4sVwo4ADiPtEQH6FFTHB1nCwYbM=",
      "license": "MIT"
    },
    "node_modules/lodash.camelcase": {
      "version": "4.3.0",
      "resolved": "https://pkgs.dev.azure.com/lbg-cloudfirst/_packaging/cicd-npm/npm/registry/lodash.camelcase/-/lodash.camelcase-4.3.0.tgz",
      "integrity": "sha1-soqmKIorn8ZRA1x3EfZathkDMaY=",
      "license": "MIT"
    },
    "node_modules/logform": {
      "version": "2.7.0",
      "resolved": "https://pkgs.dev.azure.com/lbg-cloudfirst/_packaging/cicd-npm/npm/registry/logform/-/logform-2.7.0.tgz",
      "integrity": "sha1-z8qXUo7ykPLhJaCDloBQArLQYNE=",
      "license": "MIT",
      "dependencies": {
        "@colors/colors": "1.6.0",
        "@types/triple-beam": "^1.3.2",
        "fecha": "^4.2.0",
        "ms": "^2.1.1",
        "safe-stable-stringify": "^2.3.1",
        "triple-beam": "^1.3.0"
      },
      "engines": {
        "node": ">= 12.0.0"
      }
    },
    "node_modules/long": {
      "version": "5.3.2",
      "resolved": "https://pkgs.dev.azure.com/lbg-cloudfirst/_packaging/cicd-npm/npm/registry/long/-/long-5.3.2.tgz",
      "integrity": "sha1-HYRGMJWZkmLX17f4v9SozFUWf4M=",
      "license": "Apache-2.0"
    },
    "node_modules/ms": {
      "version": "2.1.3",
      "resolved": "https://pkgs.dev.azure.com/lbg-cloudfirst/_packaging/cicd-npm/npm/registry/ms/-/ms-2.1.3.tgz",
      "integrity": "sha1-V0yBOM4dK1hh8LRFedut1gxmFbI=",
      "license": "MIT"
    },
    "node_modules/one-time": {
      "version": "1.0.0",
      "resolved": "https://pkgs.dev.azure.com/lbg-cloudfirst/_packaging/cicd-npm/npm/registry/one-time/-/one-time-1.0.0.tgz",
      "integrity": "sha1-4GvBdK7SFO1Y7e3lc7Qzu/gny0U=",
      "license": "MIT",
      "dependencies": {
        "fn.name": "1.x.x"
      }
    },
    "node_modules/protobufjs": {
      "version": "7.6.5",
      "resolved": "https://pkgs.dev.azure.com/lbg-cloudfirst/_packaging/cicd-npm/npm/registry/protobufjs/-/protobufjs-7.6.5.tgz",
      "integrity": "sha1-e5JQza9KBhOanw/kaKQNfU/rynE=",
      "hasInstallScript": true,
      "license": "BSD-3-Clause",
      "dependencies": {
        "@protobufjs/aspromise": "^1.1.2",
        "@protobufjs/base64": "^1.1.2",
        "@protobufjs/codegen": "^2.0.5",
        "@protobufjs/eventemitter": "^1.1.1",
        "@protobufjs/fetch": "^1.1.1",
        "@protobufjs/float": "^1.0.2",
        "@protobufjs/path": "^1.1.2",
        "@protobufjs/pool": "^1.1.0",
        "@protobufjs/utf8": "^1.1.1",
        "@types/node": ">=13.7.0",
        "long": "^5.3.2"
      },
      "engines": {
        "node": ">=12.0.0"
      }
    },
    "node_modules/punycode": {
      "version": "2.3.1",
      "resolved": "https://pkgs.dev.azure.com/lbg-cloudfirst/_packaging/cicd-npm/npm/registry/punycode/-/punycode-2.3.1.tgz",
      "integrity": "sha1-AnQi4vrsCyXhVJw+G9gwm5EztuU=",
      "license": "MIT",
      "engines": {
        "node": ">=6"
      }
    },
    "node_modules/readable-stream": {
      "version": "3.6.2",
      "resolved": "https://pkgs.dev.azure.com/lbg-cloudfirst/_packaging/cicd-npm/npm/registry/readable-stream/-/readable-stream-3.6.2.tgz",
      "integrity": "sha1-VqmzbqllwAxak+8x6xEaDxEFaWc=",
      "license": "MIT",
      "dependencies": {
        "inherits": "^2.0.3",
        "string_decoder": "^1.1.1",
        "util-deprecate": "^1.0.1"
      },
      "engines": {
        "node": ">= 6"
      }
    },
    "node_modules/reflect-metadata": {
      "version": "0.1.14",
      "resolved": "https://pkgs.dev.azure.com/lbg-cloudfirst/_packaging/cicd-npm/npm/registry/reflect-metadata/-/reflect-metadata-0.1.14.tgz",
      "integrity": "sha1-JM9yH+YGdxRrt37rDh+d7OPWWFk=",
      "license": "Apache-2.0"
    },
    "node_modules/require-directory": {
      "version": "2.1.1",
      "resolved": "https://pkgs.dev.azure.com/lbg-cloudfirst/_packaging/cicd-npm/npm/registry/require-directory/-/require-directory-2.1.1.tgz",
      "integrity": "sha1-jGStX9MNqxyXbiNE/+f3kqam30I=",
      "license": "MIT",
      "engines": {
        "node": ">=0.10.0"
      }
    },
    "node_modules/safe-buffer": {
      "version": "5.2.1",
      "resolved": "https://pkgs.dev.azure.com/lbg-cloudfirst/_packaging/cicd-npm/npm/registry/safe-buffer/-/safe-buffer-5.2.1.tgz",
      "integrity": "sha1-Hq+fqb2x/dTsdfWPnNtOa3gn7sY=",
      "funding": [
        {
          "type": "github",
          "url": "https://github.com/sponsors/feross"
        },
        {
          "type": "patreon",
          "url": "https://www.patreon.com/feross"
        },
        {
          "type": "consulting",
          "url": "https://feross.org/support"
        }
      ],
      "license": "MIT"
    },
    "node_modules/safe-stable-stringify": {
      "version": "2.5.0",
      "resolved": "https://pkgs.dev.azure.com/lbg-cloudfirst/_packaging/cicd-npm/npm/registry/safe-stable-stringify/-/safe-stable-stringify-2.5.0.tgz",
      "integrity": "sha1-TKL444XygxxDKnGbEIo7969Cod0=",
      "license": "MIT",
      "engines": {
        "node": ">=10"
      }
    },
    "node_modules/stack-trace": {
      "version": "0.0.10",
      "resolved": "https://pkgs.dev.azure.com/lbg-cloudfirst/_packaging/cicd-npm/npm/registry/stack-trace/-/stack-trace-0.0.10.tgz",
      "integrity": "sha1-VHxws0fo0ytOEI6hoqFZ5f3eGcA=",
      "license": "MIT",
      "engines": {
        "node": "*"
      }
    },
    "node_modules/string_decoder": {
      "version": "1.3.0",
      "resolved": "https://pkgs.dev.azure.com/lbg-cloudfirst/_packaging/cicd-npm/npm/registry/string_decoder/-/string_decoder-1.3.0.tgz",
      "integrity": "sha1-QvEUWUpGzxqOMLCoT1bHjD7awh4=",
      "license": "MIT",
      "dependencies": {
        "safe-buffer": "~5.2.0"
      }
    },
    "node_modules/string-width": {
      "version": "4.2.3",
      "resolved": "https://pkgs.dev.azure.com/lbg-cloudfirst/_packaging/cicd-npm/npm/registry/string-width/-/string-width-4.2.3.tgz",
      "integrity": "sha1-JpxxF9J7Ba0uU2gwqOyJXvnG0BA=",
      "license": "MIT",
      "dependencies": {
        "emoji-regex": "^8.0.0",
        "is-fullwidth-code-point": "^3.0.0",
        "strip-ansi": "^6.0.1"
      },
      "engines": {
        "node": ">=8"
      }
    },
    "node_modules/strip-ansi": {
      "version": "6.0.1",
      "resolved": "https://pkgs.dev.azure.com/lbg-cloudfirst/_packaging/cicd-npm/npm/registry/strip-ansi/-/strip-ansi-6.0.1.tgz",
      "integrity": "sha1-nibGPTD1NEPpSJSVshBdN7Z6hdk=",
      "license": "MIT",
      "dependencies": {
        "ansi-regex": "^5.0.1"
      },
      "engines": {
        "node": ">=8"
      }
    },
    "node_modules/text-hex": {
      "version": "1.0.0",
      "resolved": "https://pkgs.dev.azure.com/lbg-cloudfirst/_packaging/cicd-npm/npm/registry/text-hex/-/text-hex-1.0.0.tgz",
      "integrity": "sha1-adycGxdEbueakr9biEu0uRJ1BvU=",
      "license": "MIT"
    },
    "node_modules/triple-beam": {
      "version": "1.4.1",
      "resolved": "https://pkgs.dev.azure.com/lbg-cloudfirst/_packaging/cicd-npm/npm/registry/triple-beam/-/triple-beam-1.4.1.tgz",
      "integrity": "sha1-b95wJx3G5dc8oMOyTi2Sr7dEGYQ=",
      "license": "MIT",
      "engines": {
        "node": ">= 14.0.0"
      }
    },
    "node_modules/tweetnacl": {
      "version": "1.0.3",
      "resolved": "https://pkgs.dev.azure.com/lbg-cloudfirst/_packaging/cicd-npm/npm/registry/tweetnacl/-/tweetnacl-1.0.3.tgz",
      "integrity": "sha1-rAr3FoBFjYpjeNDQ0FCrFAfTVZY=",
      "license": "Unlicense"
    },
    "node_modules/uri-js": {
      "version": "4.4.1",
      "resolved": "https://pkgs.dev.azure.com/lbg-cloudfirst/_packaging/cicd-npm/npm/registry/uri-js/-/uri-js-4.4.1.tgz",
      "integrity": "sha1-mxpSWVIlhZ5V9mnZKPiMbFfyp34=",
      "license": "BSD-2-Clause",
      "dependencies": {
        "punycode": "^2.1.0"
      }
    },
    "node_modules/util-deprecate": {
      "version": "1.0.2",
      "resolved": "https://pkgs.dev.azure.com/lbg-cloudfirst/_packaging/cicd-npm/npm/registry/util-deprecate/-/util-deprecate-1.0.2.tgz",
      "integrity": "sha1-RQ1Nyfpw3nMnYvvS1KKJgUGaDM8=",
      "license": "MIT"
    },
    "node_modules/winston": {
      "version": "3.19.0",
      "resolved": "https://pkgs.dev.azure.com/lbg-cloudfirst/_packaging/cicd-npm/npm/registry/winston/-/winston-3.19.0.tgz",
      "integrity": "sha1-zB0SYvX0WUaQQIXP/+c++0t6WB0=",
      "license": "MIT",
      "dependencies": {
        "@colors/colors": "^1.6.0",
        "@dabh/diagnostics": "^2.0.8",
        "async": "^3.2.3",
        "is-stream": "^2.0.0",
        "logform": "^2.7.0",
        "one-time": "^1.0.0",
        "readable-stream": "^3.4.0",
        "safe-stable-stringify": "^2.3.1",
        "stack-trace": "0.0.x",
        "triple-beam": "^1.3.0",
        "winston-transport": "^4.9.0"
      },
      "engines": {
        "node": ">= 12.0.0"
      }
    },
    "node_modules/winston-transport": {
      "version": "4.9.0",
      "resolved": "https://pkgs.dev.azure.com/lbg-cloudfirst/_packaging/cicd-npm/npm/registry/winston-transport/-/winston-transport-4.9.0.tgz",
      "integrity": "sha1-O7o0XeECl2VOpvM1GUJFYAA7O/k=",
      "license": "MIT",
      "dependencies": {
        "logform": "^2.7.0",
        "readable-stream": "^3.6.2",
        "triple-beam": "^1.3.0"
      },
      "engines": {
        "node": ">= 12.0.0"
      }
    },
    "node_modules/wrap-ansi": {
      "version": "7.0.0",
      "resolved": "https://pkgs.dev.azure.com/lbg-cloudfirst/_packaging/cicd-npm/npm/registry/wrap-ansi/-/wrap-ansi-7.0.0.tgz",
      "integrity": "sha1-Z+FFz/UQpqaYS98RUpEdadLrnkM=",
      "license": "MIT",
      "dependencies": {
        "ansi-styles": "^4.0.0",
        "string-width": "^4.1.0",
        "strip-ansi": "^6.0.0"
      },
      "engines": {
        "node": ">=10"
      },
      "funding": {
        "url": "https://github.com/chalk/wrap-ansi?sponsor=1"
      }
    },
    "node_modules/y18n": {
      "version": "5.0.8",
      "resolved": "https://pkgs.dev.azure.com/lbg-cloudfirst/_packaging/cicd-npm/npm/registry/y18n/-/y18n-5.0.8.tgz",
      "integrity": "sha1-f0k00PfKjFb5UxSTndzS3ZHOHVU=",
      "license": "ISC",
      "engines": {
        "node": ">=10"
      }
    },
    "node_modules/yargs": {
      "version": "17.7.3",
      "resolved": "https://pkgs.dev.azure.com/lbg-cloudfirst/_packaging/cicd-npm/npm/registry/yargs/-/yargs-17.7.3.tgz",
      "integrity": "sha1-d53/5ryv7FlqcXLpgyiaWIZH+qo=",
      "license": "MIT",
      "dependencies": {
        "cliui": "^8.0.1",
        "escalade": "^3.1.1",
        "get-caller-file": "^2.0.5",
        "require-directory": "^2.1.1",
        "string-width": "^4.2.3",
        "y18n": "^5.0.5",
        "yargs-parser": "^21.1.1"
      },
      "engines": {
        "node": ">=12"
      }
    },
    "node_modules/yargs-parser": {
      "version": "21.1.1",
      "resolved": "https://pkgs.dev.azure.com/lbg-cloudfirst/_packaging/cicd-npm/npm/registry/yargs-parser/-/yargs-parser-21.1.1.tgz",
      "integrity": "sha1-kJa87r+ZDSG7MfqVFuDt4pSnfTU=",
      "license": "ISC",
      "engines": {
        "node": ">=12"
      }
    }
  }
}
